
Microsoft Visual Studio Solution File, Format Version 12.00
# Visual Studio Version 17
VisualStudioVersion = 17.1.32319.34
MinimumVisualStudioVersion = 10.0.40219.1
Project("{FAE04EC0-301F-11D3-BF4B-00C04F79EFBC}") = "Rooms101", "Rooms101\Rooms101.csproj", "{6B3767B5-1D46-4EA4-BD2A-147D03CE73AD}"
EndProject
Global
	GlobalSection(SolutionConfigurationPlatforms) = preSolution
		Debug|Any CPU = Debug|Any CPU
		Release|Any CPU = Release|Any CPU
	EndGlobalSection
	GlobalSection(ProjectConfigurationPlatforms) = postSolution
		{6B3767B5-1D46-4EA4-BD2A-147D03CE73AD}.Debug|Any CPU.ActiveCfg = Debug|Any CPU
		{6B3767B5-1D46-4EA4-BD2A-147D03CE73AD}.Debug|Any CPU.Build.0 = Debug|Any CPU
		{6B3767B5-1D46-4EA4-BD2A-147D03CE73AD}.Release|Any CPU.ActiveCfg = Release|Any CPU
		{6B3767B5-1D46-4EA4-BD2A-147D03CE73AD}.Release|Any CPU.Build.0 = Release|Any CPU
	EndGlobalSection
	GlobalSection(SolutionProperties) = preSolution
		HideSolutionNode = FALSE
	EndGlobalSection
	GlobalSection(ExtensibilityGlobals) = postSolution
		SolutionGuid = {8AB6C18A-3AF0-47C1-97A1-DA5A54FEEAF5}
	EndGlobalSection
EndGlobal
